
Microsoft Visual Studio Solution File, Format Version 12.00
# Visual Studio Version 16
VisualStudioVersion = 16.0.30225.117
MinimumVisualStudioVersion = 10.0.40219.1
Project("{FAE04EC0-301F-11D3-BF4B-00C04F79EFBC}") = "WindowsFormsApp58", "WindowsFormsApp58\WindowsFormsApp58.csproj", "{E8FD2221-8713-479E-B607-1875E0B3F99C}"
EndProject
Global
	GlobalSection(SolutionConfigurationPlatforms) = preSolution
		Debug|Any CPU = Debug|Any CPU
		Release|Any CPU = Release|Any CPU
	EndGlobalSection
	GlobalSection(ProjectConfigurationPlatforms) = postSolution
		{E8FD2221-8713-479E-B607-1875E0B3F99C}.Debug|Any CPU.ActiveCfg = Debug|Any CPU
		{E8FD2221-8713-479E-B607-1875E0B3F99C}.Debug|Any CPU.Build.0 = Debug|Any CPU
		{E8FD2221-8713-479E-B607-1875E0B3F99C}.Release|Any CPU.ActiveCfg = Release|Any CPU
		{E8FD2221-8713-479E-B607-1875E0B3F99C}.Release|Any CPU.Build.0 = Release|Any CPU
	EndGlobalSection
	GlobalSection(SolutionProperties) = preSolution
		HideSolutionNode = FALSE
	EndGlobalSection
	GlobalSection(ExtensibilityGlobals) = postSolution
		SolutionGuid = {4A27F104-BFC5-493D-8431-06C48980728B}
	EndGlobalSection
EndGlobal
